
Microsoft Visual Studio Solution File, Format Version 12.00
# Visual Studio 15
VisualStudioVersion = 15.0.28307.572
MinimumVisualStudioVersion = 10.0.40219.1
Project("{8BC9CEB8-8B4A-11D0-8D11-00A0C91BC942}") = "二维数组 考试成绩统计", "二维数组 考试成绩统计\二维数组 考试成绩统计.vcxproj", "{169BABFC-15E9-4BEE-ABC3-2A46C9B7385B}"
EndProject
Global
	GlobalSection(SolutionConfigurationPlatforms) = preSolution
		Debug|x64 = Debug|x64
		Debug|x86 = Debug|x86
		Release|x64 = Release|x64
		Release|x86 = Release|x86
	EndGlobalSection
	GlobalSection(ProjectConfigurationPlatforms) = postSolution
		{169BABFC-15E9-4BEE-ABC3-2A46C9B7385B}.Debug|x64.ActiveCfg = Debug|x64
		{169BABFC-15E9-4BEE-ABC3-2A46C9B7385B}.Debug|x64.Build.0 = Debug|x64
		{169BABFC-15E9-4BEE-ABC3-2A46C9B7385B}.Debug|x86.ActiveCfg = Debug|Win32
		{169BABFC-15E9-4BEE-ABC3-2A46C9B7385B}.Debug|x86.Build.0 = Debug|Win32
		{169BABFC-15E9-4BEE-ABC3-2A46C9B7385B}.Release|x64.ActiveCfg = Release|x64
		{169BABFC-15E9-4BEE-ABC3-2A46C9B7385B}.Release|x64.Build.0 = Release|x64
		{169BABFC-15E9-4BEE-ABC3-2A46C9B7385B}.Release|x86.ActiveCfg = Release|Win32
		{169BABFC-15E9-4BEE-ABC3-2A46C9B7385B}.Release|x86.Build.0 = Release|Win32
	EndGlobalSection
	GlobalSection(SolutionProperties) = preSolution
		HideSolutionNode = FALSE
	EndGlobalSection
	GlobalSection(ExtensibilityGlobals) = postSolution
		SolutionGuid = {E402C7B9-D179-4D6D-882A-0F77C7D2A185}
	EndGlobalSection
EndGlobal
