
Microsoft Visual Studio Solution File, Format Version 12.00
# Visual Studio 15
VisualStudioVersion = 15.0.28307.572
MinimumVisualStudioVersion = 10.0.40219.1
Project("{8BC9CEB8-8B4A-11D0-8D11-00A0C91BC942}") = "运算符重载", "运算符重载\运算符重载.vcxproj", "{99DBB558-8C00-437A-9960-0E5AAF26C369}"
EndProject
Global
	GlobalSection(SolutionConfigurationPlatforms) = preSolution
		Debug|x64 = Debug|x64
		Debug|x86 = Debug|x86
		Release|x64 = Release|x64
		Release|x86 = Release|x86
	EndGlobalSection
	GlobalSection(ProjectConfigurationPlatforms) = postSolution
		{99DBB558-8C00-437A-9960-0E5AAF26C369}.Debug|x64.ActiveCfg = Debug|x64
		{99DBB558-8C00-437A-9960-0E5AAF26C369}.Debug|x64.Build.0 = Debug|x64
		{99DBB558-8C00-437A-9960-0E5AAF26C369}.Debug|x86.ActiveCfg = Debug|Win32
		{99DBB558-8C00-437A-9960-0E5AAF26C369}.Debug|x86.Build.0 = Debug|Win32
		{99DBB558-8C00-437A-9960-0E5AAF26C369}.Release|x64.ActiveCfg = Release|x64
		{99DBB558-8C00-437A-9960-0E5AAF26C369}.Release|x64.Build.0 = Release|x64
		{99DBB558-8C00-437A-9960-0E5AAF26C369}.Release|x86.ActiveCfg = Release|Win32
		{99DBB558-8C00-437A-9960-0E5AAF26C369}.Release|x86.Build.0 = Release|Win32
	EndGlobalSection
	GlobalSection(SolutionProperties) = preSolution
		HideSolutionNode = FALSE
	EndGlobalSection
	GlobalSection(ExtensibilityGlobals) = postSolution
		SolutionGuid = {3F554626-634A-41B9-BE56-9BDF34915F13}
	EndGlobalSection
EndGlobal
