
Microsoft Visual Studio Solution File, Format Version 12.00
# Visual Studio 15
VisualStudioVersion = 15.0.28307.572
MinimumVisualStudioVersion = 10.0.40219.1
Project("{8BC9CEB8-8B4A-11D0-8D11-00A0C91BC942}") = "STL", "STL\STL.vcxproj", "{F69D9640-9A14-44CB-82D3-D27A0BB5ACD5}"
EndProject
Global
	GlobalSection(SolutionConfigurationPlatforms) = preSolution
		Debug|x64 = Debug|x64
		Debug|x86 = Debug|x86
		Release|x64 = Release|x64
		Release|x86 = Release|x86
	EndGlobalSection
	GlobalSection(ProjectConfigurationPlatforms) = postSolution
		{F69D9640-9A14-44CB-82D3-D27A0BB5ACD5}.Debug|x64.ActiveCfg = Debug|x64
		{F69D9640-9A14-44CB-82D3-D27A0BB5ACD5}.Debug|x64.Build.0 = Debug|x64
		{F69D9640-9A14-44CB-82D3-D27A0BB5ACD5}.Debug|x86.ActiveCfg = Debug|Win32
		{F69D9640-9A14-44CB-82D3-D27A0BB5ACD5}.Debug|x86.Build.0 = Debug|Win32
		{F69D9640-9A14-44CB-82D3-D27A0BB5ACD5}.Release|x64.ActiveCfg = Release|x64
		{F69D9640-9A14-44CB-82D3-D27A0BB5ACD5}.Release|x64.Build.0 = Release|x64
		{F69D9640-9A14-44CB-82D3-D27A0BB5ACD5}.Release|x86.ActiveCfg = Release|Win32
		{F69D9640-9A14-44CB-82D3-D27A0BB5ACD5}.Release|x86.Build.0 = Release|Win32
	EndGlobalSection
	GlobalSection(SolutionProperties) = preSolution
		HideSolutionNode = FALSE
	EndGlobalSection
	GlobalSection(ExtensibilityGlobals) = postSolution
		SolutionGuid = {159D5D2B-D283-4483-9BA4-77CE2F88083D}
	EndGlobalSection
EndGlobal
