
Microsoft Visual Studio Solution File, Format Version 12.00
# Visual Studio 15
VisualStudioVersion = 15.0.28307.572
MinimumVisualStudioVersion = 10.0.40219.1
Project("{8BC9CEB8-8B4A-11D0-8D11-00A0C91BC942}") = "类模板中创建函数的时机", "类模板中创建函数的时机\类模板中创建函数的时机.vcxproj", "{AF0D10FE-88BC-49E9-8754-12F17808161C}"
EndProject
Global
	GlobalSection(SolutionConfigurationPlatforms) = preSolution
		Debug|x64 = Debug|x64
		Debug|x86 = Debug|x86
		Release|x64 = Release|x64
		Release|x86 = Release|x86
	EndGlobalSection
	GlobalSection(ProjectConfigurationPlatforms) = postSolution
		{AF0D10FE-88BC-49E9-8754-12F17808161C}.Debug|x64.ActiveCfg = Debug|x64
		{AF0D10FE-88BC-49E9-8754-12F17808161C}.Debug|x64.Build.0 = Debug|x64
		{AF0D10FE-88BC-49E9-8754-12F17808161C}.Debug|x86.ActiveCfg = Debug|Win32
		{AF0D10FE-88BC-49E9-8754-12F17808161C}.Debug|x86.Build.0 = Debug|Win32
		{AF0D10FE-88BC-49E9-8754-12F17808161C}.Release|x64.ActiveCfg = Release|x64
		{AF0D10FE-88BC-49E9-8754-12F17808161C}.Release|x64.Build.0 = Release|x64
		{AF0D10FE-88BC-49E9-8754-12F17808161C}.Release|x86.ActiveCfg = Release|Win32
		{AF0D10FE-88BC-49E9-8754-12F17808161C}.Release|x86.Build.0 = Release|Win32
	EndGlobalSection
	GlobalSection(SolutionProperties) = preSolution
		HideSolutionNode = FALSE
	EndGlobalSection
	GlobalSection(ExtensibilityGlobals) = postSolution
		SolutionGuid = {DBC8083B-52EB-453B-96BE-6E722A643483}
	EndGlobalSection
EndGlobal
