
Microsoft Visual Studio Solution File, Format Version 12.00
# Visual Studio 15
VisualStudioVersion = 15.0.28307.572
MinimumVisualStudioVersion = 10.0.40219.1
Project("{8BC9CEB8-8B4A-11D0-8D11-00A0C91BC942}") = "猜数字", "猜数字\猜数字.vcxproj", "{9E099B6D-FA85-4458-8721-9ABC4248FD85}"
EndProject
Global
	GlobalSection(SolutionConfigurationPlatforms) = preSolution
		Debug|x64 = Debug|x64
		Debug|x86 = Debug|x86
		Release|x64 = Release|x64
		Release|x86 = Release|x86
	EndGlobalSection
	GlobalSection(ProjectConfigurationPlatforms) = postSolution
		{9E099B6D-FA85-4458-8721-9ABC4248FD85}.Debug|x64.ActiveCfg = Debug|x64
		{9E099B6D-FA85-4458-8721-9ABC4248FD85}.Debug|x64.Build.0 = Debug|x64
		{9E099B6D-FA85-4458-8721-9ABC4248FD85}.Debug|x86.ActiveCfg = Debug|Win32
		{9E099B6D-FA85-4458-8721-9ABC4248FD85}.Debug|x86.Build.0 = Debug|Win32
		{9E099B6D-FA85-4458-8721-9ABC4248FD85}.Release|x64.ActiveCfg = Release|x64
		{9E099B6D-FA85-4458-8721-9ABC4248FD85}.Release|x64.Build.0 = Release|x64
		{9E099B6D-FA85-4458-8721-9ABC4248FD85}.Release|x86.ActiveCfg = Release|Win32
		{9E099B6D-FA85-4458-8721-9ABC4248FD85}.Release|x86.Build.0 = Release|Win32
	EndGlobalSection
	GlobalSection(SolutionProperties) = preSolution
		HideSolutionNode = FALSE
	EndGlobalSection
	GlobalSection(ExtensibilityGlobals) = postSolution
		SolutionGuid = {B8AF2826-5118-491C-8E2F-4B015EE1D4CB}
	EndGlobalSection
EndGlobal
